<?xml version="1.0" encoding="utf-8"?>
<Project ToolsVersion="4.0" xmlns="http://schemas.microsoft.com/developer/msbuild/2003">
  <ItemGroup>
    <ClCompile Include="pch.cpp">
      <Filter>Generated</Filter>
    </ClCompile>
    <ClCompile Include="TransformComponent.cpp">
      <Filter>Source Files\Components</Filter>
    </ClCompile>
    <ClCompile Include="ComponentRegistry.cpp">
      <Filter>Source Files\Architecture</Filter>
    </ClCompile>
    <ClCompile Include="Entity.cpp">
      <Filter>Source Files\Architecture</Filter>
    </ClCompile>
    <ClCompile Include="EntityChunk.cpp">
      <Filter>Source Files\Architecture</Filter>
    </ClCompile>
    <ClCompile Include="EntityManager.cpp">
      <Filter>Source Files\Architecture</Filter>
    </ClCompile>
    <ClCompile Include="Bloodforge.cpp">
      <Filter>Source Files\Architecture</Filter>
    </ClCompile>
    <ClCompile Include="BloodRenderer.cpp">
      <Filter>Source Files\Architecture</Filter>
    </ClCompile>
    <ClCompile Include="Texture2D.cpp">
      <Filter>Source Files\Architecture</Filter>
    </ClCompile>
    <ClCompile Include="System.cpp">
      <Filter>Source Files\Architecture</Filter>
    </ClCompile>
    <ClCompile Include="ResourceManager.cpp">
      <Filter>Source Files\Architecture</Filter>
    </ClCompile>
    <ClCompile Include="InputHandler.cpp">
      <Filter>Source Files\Architecture</Filter>
    </ClCompile>
    <ClCompile Include="Vector2.cpp">
      <Filter>Source Files\Architecture</Filter>
    </ClCompile>
    <ClCompile Include="TextSystem.cpp">
      <Filter>Source Files\Systems</Filter>
    </ClCompile>
    <ClCompile Include="Font.cpp">
      <Filter>Source Files\Architecture</Filter>
    </ClCompile>
    <ClCompile Include="WindowUtils.cpp">
      <Filter>Header Files\Utils</Filter>
    </ClCompile>
    <ClCompile Include="CustomCursor.cpp">
      <Filter>Source Files\Architecture</Filter>
    </ClCompile>
    <ClCompile Include="RectColliderComponent.cpp">
      <Filter>Source Files\Components</Filter>
    </ClCompile>
    <ClCompile Include="CollisionSystem.cpp">
      <Filter>Source Files\Systems</Filter>
    </ClCompile>
    <ClCompile Include="SpriteAnimatorSystem.cpp">
      <Filter>Source Files\Systems</Filter>
    </ClCompile>
    <ClCompile Include="SpriteAnimatorComponent.cpp">
      <Filter>Source Files\Components</Filter>
    </ClCompile>
    <ClCompile Include="SpriteComponent.cpp">
      <Filter>Source Files\Components</Filter>
    </ClCompile>
    <ClCompile Include="AudioSourceComponent.cpp">
      <Filter>Source Files\Components</Filter>
    </ClCompile>
    <ClCompile Include="AudioSourceSystem.cpp">
      <Filter>Source Files\Systems</Filter>
    </ClCompile>
    <ClCompile Include="FunctionInvokeSystem.cpp">
      <Filter>Source Files\Systems</Filter>
    </ClCompile>
    <ClCompile Include="SteamSupportSystem.cpp">
      <Filter>Source Files\Systems</Filter>
    </ClCompile>
    <ClCompile Include="SteamUtils.cpp">
      <Filter>Header Files\Utils</Filter>
    </ClCompile>
    <ClCompile Include="SceneSystemManager.cpp">
      <Filter>Source Files\Architecture</Filter>
    </ClCompile>
    <ClCompile Include="SpriteTextRendererSystem.cpp">
      <Filter>Source Files\Systems</Filter>
    </ClCompile>
    <ClCompile Include="ButtonSystem.cpp">
      <Filter>Source Files\Systems</Filter>
    </ClCompile>
    <ClCompile Include="ActionQueueSystem.cpp">
      <Filter>Source Files\Systems</Filter>
    </ClCompile>
    <ClCompile Include="CustomCoroutine.cpp">
      <Filter>Source Files\Architecture</Filter>
    </ClCompile>
    <ClCompile Include="CustomCoroutineSystem.cpp">
      <Filter>Source Files\Systems</Filter>
    </ClCompile>
    <ClCompile Include="CameraSystem.cpp">
      <Filter>Source Files\Systems</Filter>
    </ClCompile>
    <ClCompile Include="GlobalEventHandler.cpp">
      <Filter>Source Files\Architecture</Filter>
    </ClCompile>
  </ItemGroup>
  <ItemGroup>
    <ClInclude Include="framework.h">
      <Filter>Generated</Filter>
    </ClInclude>
    <ClInclude Include="pch.h">
      <Filter>Generated</Filter>
    </ClInclude>
    <ClInclude Include="SpriteComponent.h">
      <Filter>Header Files\Components</Filter>
    </ClInclude>
    <ClInclude Include="TransformComponent.h">
      <Filter>Header Files\Components</Filter>
    </ClInclude>
    <ClInclude Include="ArchetypeIdentifierMask.h">
      <Filter>Header Files\Architecture</Filter>
    </ClInclude>
    <ClInclude Include="ComponentRegistry.h">
      <Filter>Header Files\Architecture</Filter>
    </ClInclude>
    <ClInclude Include="Entity.h">
      <Filter>Header Files\Architecture</Filter>
    </ClInclude>
    <ClInclude Include="EntityChunk.h">
      <Filter>Header Files\Architecture</Filter>
    </ClInclude>
    <ClInclude Include="EntityManager.h">
      <Filter>Header Files\Architecture</Filter>
    </ClInclude>
    <ClInclude Include="Singleton.h">
      <Filter>Header Files\Architecture</Filter>
    </ClInclude>
    <ClInclude Include="Bloodforge.h">
      <Filter>Header Files\Architecture</Filter>
    </ClInclude>
    <ClInclude Include="BloodTime.h">
      <Filter>Header Files\Architecture</Filter>
    </ClInclude>
    <ClInclude Include="BloodRenderer.h">
      <Filter>Header Files\Architecture</Filter>
    </ClInclude>
    <ClInclude Include="Texture2D.h">
      <Filter>Header Files\Architecture</Filter>
    </ClInclude>
    <ClInclude Include="ResourceManager.h">
      <Filter>Header Files\Architecture</Filter>
    </ClInclude>
    <ClInclude Include="IdCreator.h">
      <Filter>Header Files\Architecture</Filter>
    </ClInclude>
    <ClInclude Include="InputHandler.h">
      <Filter>Header Files\Architecture</Filter>
    </ClInclude>
    <ClInclude Include="Vector2.h">
      <Filter>Header Files\Architecture</Filter>
    </ClInclude>
    <ClInclude Include="Event.h">
      <Filter>Header Files\Architecture</Filter>
    </ClInclude>
    <ClInclude Include="GlobalEventHandler.h">
      <Filter>Header Files\Architecture</Filter>
    </ClInclude>
    <ClInclude Include="TextSystem.h">
      <Filter>Header Files\Systems</Filter>
    </ClInclude>
    <ClInclude Include="TextComponent.h">
      <Filter>Header Files\Components</Filter>
    </ClInclude>
    <ClInclude Include="Font.h">
      <Filter>Header Files\Architecture</Filter>
    </ClInclude>
    <ClInclude Include="Color.h">
      <Filter>Header Files\Architecture</Filter>
    </ClInclude>
    <ClInclude Include="FileSaveLoadUtils.h">
      <Filter>Header Files\Utils</Filter>
    </ClInclude>
    <ClInclude Include="WindowUtils.h">
      <Filter>Header Files\Utils</Filter>
    </ClInclude>
    <ClInclude Include="CustomCursor.h">
      <Filter>Header Files\Architecture</Filter>
    </ClInclude>
    <ClInclude Include="RectColliderComponent.h">
      <Filter>Header Files\Components</Filter>
    </ClInclude>
    <ClInclude Include="CollisionSystem.h">
      <Filter>Header Files\Systems</Filter>
    </ClInclude>
    <ClInclude Include="SpriteAnimatorComponent.h">
      <Filter>Header Files\Components</Filter>
    </ClInclude>
    <ClInclude Include="Rect.h">
      <Filter>Header Files\Architecture</Filter>
    </ClInclude>
    <ClInclude Include="SpriteAnimatorSystem.h">
      <Filter>Header Files\Systems</Filter>
    </ClInclude>
    <ClInclude Include="AudioSourceComponent.h">
      <Filter>Header Files\Components</Filter>
    </ClInclude>
    <ClInclude Include="AudioSourceSystem.h">
      <Filter>Header Files\Systems</Filter>
    </ClInclude>
    <ClInclude Include="FunctionInvokeComponent.h">
      <Filter>Header Files\Components</Filter>
    </ClInclude>
    <ClInclude Include="FunctionInvokeSystem.h">
      <Filter>Header Files\Systems</Filter>
    </ClInclude>
    <ClInclude Include="SteamResetUserDataRequest.h">
      <Filter>Header Files\Components\Steam</Filter>
    </ClInclude>
    <ClInclude Include="SteamUnlockAchievementRequest.h">
      <Filter>Header Files\Components\Steam</Filter>
    </ClInclude>
    <ClInclude Include="SteamSupportSystem.h">
      <Filter>Header Files\Systems</Filter>
    </ClInclude>
    <ClInclude Include="SteamUtils.h">
      <Filter>Header Files\Utils</Filter>
    </ClInclude>
    <ClInclude Include="SteamIndicateAchievementProgressRequest.h">
      <Filter>Header Files\Components\Steam</Filter>
    </ClInclude>
    <ClInclude Include="SteamStateComponent.h">
      <Filter>Header Files\Components\Steam</Filter>
    </ClInclude>
    <ClInclude Include="KeyDefs.h">
      <Filter>Header Files\Architecture</Filter>
    </ClInclude>
    <ClInclude Include="SceneDataComponent.h">
      <Filter>Header Files\Components</Filter>
    </ClInclude>
    <ClInclude Include="SceneManagingDataComponent.h">
      <Filter>Header Files\Components</Filter>
    </ClInclude>
    <ClInclude Include="System.h">
      <Filter>Header Files\Systems</Filter>
    </ClInclude>
    <ClInclude Include="Component.h">
      <Filter>Header Files\Components</Filter>
    </ClInclude>
    <ClInclude Include="SceneSystemManager.h">
      <Filter>Header Files\Architecture</Filter>
    </ClInclude>
    <ClInclude Include="SpriteTextRendererSystem.h">
      <Filter>Header Files\Systems</Filter>
    </ClInclude>
    <ClInclude Include="ButtonComponent.h">
      <Filter>Header Files\Components</Filter>
    </ClInclude>
    <ClInclude Include="ButtonSystem.h">
      <Filter>Header Files\Systems</Filter>
    </ClInclude>
    <ClInclude Include="ActionQueueSystem.h">
      <Filter>Header Files\Systems</Filter>
    </ClInclude>
    <ClInclude Include="ActionQueueComponent.h">
      <Filter>Header Files\Components</Filter>
    </ClInclude>
    <ClInclude Include="CustomCoroutine.h">
      <Filter>Header Files\Architecture</Filter>
    </ClInclude>
    <ClInclude Include="CustomCoroutineSystem.h">
      <Filter>Header Files\Systems</Filter>
    </ClInclude>
    <ClInclude Include="CustomCoroutineDataComponent.h">
      <Filter>Header Files\Components</Filter>
    </ClInclude>
    <ClInclude Include="CustomCoroutinesMapHolderComponent.h">
      <Filter>Header Files\Components</Filter>
    </ClInclude>
    <ClInclude Include="CameraComponent.h">
      <Filter>Header Files\Components</Filter>
    </ClInclude>
    <ClInclude Include="CameraSystem.h">
      <Filter>Header Files\Systems</Filter>
    </ClInclude>
    <ClInclude Include="SpriteAnimatorData.h">
      <Filter>Header Files\Components</Filter>
    </ClInclude>
  </ItemGroup>
  <ItemGroup>
    <Filter Include="Generated">
      <UniqueIdentifier>{d8727d61-5dfb-42b0-b2a8-48de099776e2}</UniqueIdentifier>
    </Filter>
    <Filter Include="Header Files">
      <UniqueIdentifier>{aed897cb-77f4-4691-a674-9c2e3b629643}</UniqueIdentifier>
    </Filter>
    <Filter Include="Source Files">
      <UniqueIdentifier>{f3e222d3-7c8a-4178-920a-d23327056359}</UniqueIdentifier>
    </Filter>
    <Filter Include="Source Files\Components">
      <UniqueIdentifier>{94136306-7b4f-4811-8e4c-53b48ae1c999}</UniqueIdentifier>
    </Filter>
    <Filter Include="Header Files\Components">
      <UniqueIdentifier>{1d73c518-4439-4fae-8d65-240f3495476e}</UniqueIdentifier>
    </Filter>
    <Filter Include="Header Files\Architecture">
      <UniqueIdentifier>{ea121975-efb3-49a7-8aa6-17839500fda7}</UniqueIdentifier>
    </Filter>
    <Filter Include="Source Files\Architecture">
      <UniqueIdentifier>{c7c78784-a603-44db-86d0-9abadcf703dd}</UniqueIdentifier>
    </Filter>
    <Filter Include="Header Files\Systems">
      <UniqueIdentifier>{07913b3a-268a-472e-a075-886b209f851a}</UniqueIdentifier>
    </Filter>
    <Filter Include="Source Files\Systems">
      <UniqueIdentifier>{84dc2bf8-94b7-449d-a15f-9f89bae60516}</UniqueIdentifier>
    </Filter>
    <Filter Include="Header Files\Utils">
      <UniqueIdentifier>{c6ccee56-d185-47db-8734-5a17c8a2ccdb}</UniqueIdentifier>
    </Filter>
    <Filter Include="Header Files\Components\Steam">
      <UniqueIdentifier>{7da7860f-1a16-4f23-be2f-91982b10edfe}</UniqueIdentifier>
    </Filter>
  </ItemGroup>
</Project>